// !$*UTF8*$!
{
	archiveVersion = 1;
	classes = {
	};
	objectVersion = 77;
	objects = {

/* Begin PBXBuildFile section */
		1BDE4890828BC301731CCA2F /* UMLApp in Frameworks */ = {isa = PBXBuildFile; productRef = A68AC67BDE39A25EE0CC9D40 /* UMLApp */; };
		A68E9A2C6CD504568C0BCCB8 /* UMLMacApp.swift in Sources */ = {isa = PBXBuildFile; fileRef = 1929A0742DC7376CF4720831 /* UMLMacApp.swift */; };
		ABB6ADE71F6A66CF035DB0EA /* Assets.xcassets in Resources */ = {isa = PBXBuildFile; fileRef = B855A156124FBD02C2251288 /* Assets.xcassets */; };
		B9D6AD9D3A4FF801A3FF4E48 /* Assets.xcassets in Resources */ = {isa = PBXBuildFile; fileRef = 68906A69498F505C1D5F703D /* Assets.xcassets */; };
		F98FE8648AAE7AD6299FE358 /* UMLiOSApp.swift in Sources */ = {isa = PBXBuildFile; fileRef = BE02D8389466A54E2462E240 /* UMLiOSApp.swift */; };
		FDB5554BFF87BC099E65EBDF /* UMLApp in Frameworks */ = {isa = PBXBuildFile; productRef = B1222799A9B238447D33101A /* UMLApp */; };
/* End PBXBuildFile section */

/* Begin PBXFileReference section */
		1929A0742DC7376CF4720831 /* UMLMacApp.swift */ = {isa = PBXFileReference; lastKnownFileType = sourcecode.swift; path = UMLMacApp.swift; sourceTree = "<group>"; };
		3937980830DFE180C4FCD3EE /* UML */ = {isa = PBXFileReference; lastKnownFileType = folder; name = UML; path = ..; sourceTree = SOURCE_ROOT; };
		68906A69498F505C1D5F703D /* Assets.xcassets */ = {isa = PBXFileReference; lastKnownFileType = folder.assetcatalog; path = Assets.xcassets; sourceTree = "<group>"; };
		769B0C3010A8FB3E5D8E60E3 /* UML-macOS.app */ = {isa = PBXFileReference; explicitFileType = wrapper.application; includeInIndex = 0; path = "UML-macOS.app"; sourceTree = BUILT_PRODUCTS_DIR; };
		B855A156124FBD02C2251288 /* Assets.xcassets */ = {isa = PBXFileReference; lastKnownFileType = folder.assetcatalog; path = Assets.xcassets; sourceTree = "<group>"; };
		BE02D8389466A54E2462E240 /* UMLiOSApp.swift */ = {isa = PBXFileReference; lastKnownFileType = sourcecode.swift; path = UMLiOSApp.swift; sourceTree = "<group>"; };
		D82D2B9D1E7A68B9195831A4 /* Info.plist */ = {isa = PBXFileReference; lastKnownFileType = text.plist; path = Info.plist; sourceTree = "<group>"; };
		E2AA34E0B82F5A67E18499CF /* Info.plist */ = {isa = PBXFileReference; lastKnownFileType = text.plist; path = Info.plist; sourceTree = "<group>"; };
		E803C8638A0A245CDF501585 /* UML-iOS.app */ = {isa = PBXFileReference; includeInIndex = 0; lastKnownFileType = wrapper.application; path = "UML-iOS.app"; sourceTree = BUILT_PRODUCTS_DIR; };
/* End PBXFileReference section */

/* Begin PBXFrameworksBuildPhase section */
		1DCD1C8C57505173C1A3A9C4 /* Frameworks */ = {
			isa = PBXFrameworksBuildPhase;
			buildActionMask = 2147483647;
			files = (
				FDB5554BFF87BC099E65EBDF /* UMLApp in Frameworks */,
			);
			runOnlyForDeploymentPostprocessing = 0;
		};
		363CE408FECD120EE0773586 /* Frameworks */ = {
			isa = PBXFrameworksBuildPhase;
			buildActionMask = 2147483647;
			files = (
				1BDE4890828BC301731CCA2F /* UMLApp in Frameworks */,
			);
			runOnlyForDeploymentPostprocessing = 0;
		};
/* End PBXFrameworksBuildPhase section */

/* Begin PBXGroup section */
		2235BCA979184758C171B4F9 /* iOS */ = {
			isa = PBXGroup;
			children = (
				68906A69498F505C1D5F703D /* Assets.xcassets */,
				D82D2B9D1E7A68B9195831A4 /* Info.plist */,
				BE02D8389466A54E2462E240 /* UMLiOSApp.swift */,
			);
			path = iOS;
			sourceTree = "<group>";
		};
		8C60667A07B98FF5F27ED15D /* Products */ = {
			isa = PBXGroup;
			children = (
				E803C8638A0A245CDF501585 /* UML-iOS.app */,
				769B0C3010A8FB3E5D8E60E3 /* UML-macOS.app */,
			);
			name = Products;
			sourceTree = "<group>";
		};
		972CFDCC65AAC3CF4957866D /* macOS */ = {
			isa = PBXGroup;
			children = (
				B855A156124FBD02C2251288 /* Assets.xcassets */,
				E2AA34E0B82F5A67E18499CF /* Info.plist */,
				1929A0742DC7376CF4720831 /* UMLMacApp.swift */,
			);
			path = macOS;
			sourceTree = "<group>";
		};
		D2A9A2C880412F67A5A4F56F /* Packages */ = {
			isa = PBXGroup;
			children = (
				3937980830DFE180C4FCD3EE /* UML */,
			);
			name = Packages;
			sourceTree = "<group>";
		};
		FCC719824DEED6CFD93CF437 = {
			isa = PBXGroup;
			children = (
				2235BCA979184758C171B4F9 /* iOS */,
				972CFDCC65AAC3CF4957866D /* macOS */,
				D2A9A2C880412F67A5A4F56F /* Packages */,
				8C60667A07B98FF5F27ED15D /* Products */,
			);
			sourceTree = "<group>";
		};
/* End PBXGroup section */

/* Begin PBXNativeTarget section */
		38210D47EF15E4C26EA3E65E /* UML-macOS */ = {
			isa = PBXNativeTarget;
			buildConfigurationList = C9EEE81B6C26E694292C92EF /* Build configuration list for PBXNativeTarget "UML-macOS" */;
			buildPhases = (
				C10E9146F65BC5045390BDD3 /* Sources */,
				DBF61BD554632B7CDB8CB53F /* Resources */,
				363CE408FECD120EE0773586 /* Frameworks */,
			);
			buildRules = (
			);
			dependencies = (
			);
			name = "UML-macOS";
			packageProductDependencies = (
				A68AC67BDE39A25EE0CC9D40 /* UMLApp */,
			);
			productName = "UML-macOS";
			productReference = 769B0C3010A8FB3E5D8E60E3 /* UML-macOS.app */;
			productType = "com.apple.product-type.application";
		};
		F23D6D7071B86D0EFF2F9B03 /* UML-iOS */ = {
			isa = PBXNativeTarget;
			buildConfigurationList = BD2086B259E37908EDCDBB09 /* Build configuration list for PBXNativeTarget "UML-iOS" */;
			buildPhases = (
				3BF9AA0D0DA6276656FACCA1 /* Sources */,
				C596F6AB442CAAB8F2D8EBA9 /* Resources */,
				1DCD1C8C57505173C1A3A9C4 /* Frameworks */,
			);
			buildRules = (
			);
			dependencies = (
			);
			name = "UML-iOS";
			packageProductDependencies = (
				B1222799A9B238447D33101A /* UMLApp */,
			);
			productName = "UML-iOS";
			productReference = E803C8638A0A245CDF501585 /* UML-iOS.app */;
			productType = "com.apple.product-type.application";
		};
/* End PBXNativeTarget section */

/* Begin PBXProject section */
		D9F4742331DCF133F0826DE6 /* Project object */ = {
			isa = PBXProject;
			attributes = {
				BuildIndependentTargetsInParallel = YES;
				LastUpgradeCheck = 1430;
				TargetAttributes = {
					38210D47EF15E4C26EA3E65E = {
						DevelopmentTeam = TJSHMGE2VX;
					};
					F23D6D7071B86D0EFF2F9B03 = {
						DevelopmentTeam = TJSHMGE2VX;
					};
				};
			};
			buildConfigurationList = AABAA4F875C292A6D6A7F2E4 /* Build configuration list for PBXProject "UML" */;
			developmentRegion = en;
			hasScannedForEncodings = 0;
			knownRegions = (
				Base,
				en,
			);
			mainGroup = FCC719824DEED6CFD93CF437;
			minimizedProjectReferenceProxies = 1;
			packageReferences = (
				39259B6D8E7D460F27CE9894 /* XCLocalSwiftPackageReference ".." */,
			);
			preferredProjectObjectVersion = 77;
			productRefGroup = 8C60667A07B98FF5F27ED15D /* Products */;
			projectDirPath = "";
			projectRoot = "";
			targets = (
				F23D6D7071B86D0EFF2F9B03 /* UML-iOS */,
				38210D47EF15E4C26EA3E65E /* UML-macOS */,
			);
		};
/* End PBXProject section */

/* Begin PBXResourcesBuildPhase section */
		C596F6AB442CAAB8F2D8EBA9 /* Resources */ = {
			isa = PBXResourcesBuildPhase;
			buildActionMask = 2147483647;
			files = (
				B9D6AD9D3A4FF801A3FF4E48 /* Assets.xcassets in Resources */,
			);
			runOnlyForDeploymentPostprocessing = 0;
		};
		DBF61BD554632B7CDB8CB53F /* Resources */ = {
			isa = PBXResourcesBuildPhase;
			buildActionMask = 2147483647;
			files = (
				ABB6ADE71F6A66CF035DB0EA /* Assets.xcassets in Resources */,
			);
			runOnlyForDeploymentPostprocessing = 0;
		};
/* End PBXResourcesBuildPhase section */

/* Begin PBXSourcesBuildPhase section */
		3BF9AA0D0DA6276656FACCA1 /* Sources */ = {
			isa = PBXSourcesBuildPhase;
			buildActionMask = 2147483647;
			files = (
				F98FE8648AAE7AD6299FE358 /* UMLiOSApp.swift in Sources */,
			);
			runOnlyForDeploymentPostprocessing = 0;
		};
		C10E9146F65BC5045390BDD3 /* Sources */ = {
			isa = PBXSourcesBuildPhase;
			buildActionMask = 2147483647;
			files = (
				A68E9A2C6CD504568C0BCCB8 /* UMLMacApp.swift in Sources */,
			);
			runOnlyForDeploymentPostprocessing = 0;
		};
/* End PBXSourcesBuildPhase section */

/* Begin XCBuildConfiguration section */
		3F16291141AD26F9AAD348FF /* Debug */ = {
			isa = XCBuildConfiguration;
			buildSettings = {
				ALWAYS_SEARCH_USER_PATHS = NO;
				CLANG_ANALYZER_NONNULL = YES;
				CLANG_ANALYZER_NUMBER_OBJECT_CONVERSION = YES_AGGRESSIVE;
				CLANG_CXX_LANGUAGE_STANDARD = "gnu++14";
				CLANG_CXX_LIBRARY = "libc++";
				CLANG_ENABLE_MODULES = YES;
				CLANG_ENABLE_OBJC_ARC = YES;
				CLANG_ENABLE_OBJC_WEAK = YES;
				CLANG_WARN_BLOCK_CAPTURE_AUTORELEASING = YES;
				CLANG_WARN_BOOL_CONVERSION = YES;
				CLANG_WARN_COMMA = YES;
				CLANG_WARN_CONSTANT_CONVERSION = YES;
				CLANG_WARN_DEPRECATED_OBJC_IMPLEMENTATIONS = YES;
				CLANG_WARN_DIRECT_OBJC_ISA_USAGE = YES_ERROR;
				CLANG_WARN_DOCUMENTATION_COMMENTS = YES;
				CLANG_WARN_EMPTY_BODY = YES;
				CLANG_WARN_ENUM_CONVERSION = YES;
				CLANG_WARN_INFINITE_RECURSION = YES;
				CLANG_WARN_INT_CONVERSION = YES;
				CLANG_WARN_NON_LITERAL_NULL_CONVERSION = YES;
				CLANG_WARN_OBJC_IMPLICIT_RETAIN_SELF = YES;
				CLANG_WARN_OBJC_LITERAL_CONVERSION = YES;
				CLANG_WARN_OBJC_ROOT_CLASS = YES_ERROR;
				CLANG_WARN_QUOTED_INCLUDE_IN_FRAMEWORK_HEADER = YES;
				CLANG_WARN_RANGE_LOOP_ANALYSIS = YES;
				CLANG_WARN_STRICT_PROTOTYPES = YES;
				CLANG_WARN_SUSPICIOUS_MOVE = YES;
				CLANG_WARN_UNGUARDED_AVAILABILITY = YES_AGGRESSIVE;
				CLANG_WARN_UNREACHABLE_CODE = YES;
				CLANG_WARN__DUPLICATE_METHOD_MATCH = YES;
				COPY_PHASE_STRIP = NO;
				DEBUG_INFORMATION_FORMAT = dwarf;
				ENABLE_STRICT_OBJC_MSGSEND = YES;
				ENABLE_TESTABILITY = YES;
				GCC_C_LANGUAGE_STANDARD = gnu11;
				GCC_DYNAMIC_NO_PIC = NO;
				GCC_NO_COMMON_BLOCKS = YES;
				GCC_OPTIMIZATION_LEVEL = 0;
				GCC_PREPROCESSOR_DEFINITIONS = (
					"$(inherited)",
					"DEBUG=1",
				);
				GCC_WARN_64_TO_32_BIT_CONVERSION = YES;
				GCC_WARN_ABOUT_RETURN_TYPE = YES_ERROR;
				GCC_WARN_UNDECLARED_SELECTOR = YES;
				GCC_WARN_UNINITIALIZED_AUTOS = YES_AGGRESSIVE;
				GCC_WARN_UNUSED_FUNCTION = YES;
				GCC_WARN_UNUSED_VARIABLE = YES;
				IPHONEOS_DEPLOYMENT_TARGET = 26.0;
				MACOSX_DEPLOYMENT_TARGET = 26.0;
				MTL_ENABLE_DEBUG_INFO = INCLUDE_SOURCE;
				MTL_FAST_MATH = YES;
				ONLY_ACTIVE_ARCH = YES;
				PRODUCT_NAME = "$(TARGET_NAME)";
				SWIFT_ACTIVE_COMPILATION_CONDITIONS = DEBUG;
				SWIFT_OPTIMIZATION_LEVEL = "-Onone";
				SWIFT_VERSION = 5.0;
			};
			name = Debug;
		};
		553E3A5FC3B7C2E191C6837E /* Release */ = {
			isa = XCBuildConfiguration;
			buildSettings = {
				ASSETCATALOG_COMPILER_APPICON_NAME = AppIcon;
				ASSETCATALOG_COMPILER_GLOBAL_ACCENT_COLOR_NAME = AccentColor;
				COMBINE_HIDPI_IMAGES = YES;
				CURRENT_PROJECT_VERSION = 1;
				DEVELOPMENT_TEAM = TJSHMGE2VX;
				GENERATE_INFOPLIST_FILE = NO;
				INFOPLIST_FILE = macOS/Info.plist;
				LD_RUNPATH_SEARCH_PATHS = (
					"$(inherited)",
					"@executable_path/../Frameworks",
				);
				MARKETING_VERSION = 1.0;
				PRODUCT_BUNDLE_IDENTIFIER = de.pauljohanneskraft.uml;
				PRODUCT_NAME = UML;
				SDKROOT = macosx;
				SWIFT_VERSION = 6.0;
			};
			name = Release;
		};
		A2A4FD931EFF73E6CEFEF9FD /* Debug */ = {
			isa = XCBuildConfiguration;
			buildSettings = {
				ASSETCATALOG_COMPILER_APPICON_NAME = AppIcon;
				ASSETCATALOG_COMPILER_GLOBAL_ACCENT_COLOR_NAME = AccentColor;
				COMBINE_HIDPI_IMAGES = YES;
				CURRENT_PROJECT_VERSION = 1;
				DEVELOPMENT_TEAM = TJSHMGE2VX;
				GENERATE_INFOPLIST_FILE = NO;
				INFOPLIST_FILE = macOS/Info.plist;
				LD_RUNPATH_SEARCH_PATHS = (
					"$(inherited)",
					"@executable_path/../Frameworks",
				);
				MARKETING_VERSION = 1.0;
				PRODUCT_BUNDLE_IDENTIFIER = de.pauljohanneskraft.uml;
				PRODUCT_NAME = UML;
				SDKROOT = macosx;
				SWIFT_VERSION = 6.0;
			};
			name = Debug;
		};
		A4BF65351971C5F73ADF460E /* Debug */ = {
			isa = XCBuildConfiguration;
			buildSettings = {
				ASSETCATALOG_COMPILER_APPICON_NAME = AppIcon;
				ASSETCATALOG_COMPILER_GLOBAL_ACCENT_COLOR_NAME = AccentColor;
				CODE_SIGN_IDENTITY = "iPhone Developer";
				CURRENT_PROJECT_VERSION = 1;
				DEVELOPMENT_TEAM = TJSHMGE2VX;
				GENERATE_INFOPLIST_FILE = NO;
				INFOPLIST_FILE = iOS/Info.plist;
				LD_RUNPATH_SEARCH_PATHS = (
					"$(inherited)",
					"@executable_path/Frameworks",
				);
				MARKETING_VERSION = 1.0;
				PRODUCT_BUNDLE_IDENTIFIER = de.pauljohanneskraft.uml;
				SDKROOT = iphoneos;
				SWIFT_VERSION = 6.0;
				TARGETED_DEVICE_FAMILY = "1,2";
			};
			name = Debug;
		};
		EDF7A839D122E068D78585E1 /* Release */ = {
			isa = XCBuildConfiguration;
			buildSettings = {
				ASSETCATALOG_COMPILER_APPICON_NAME = AppIcon;
				ASSETCATALOG_COMPILER_GLOBAL_ACCENT_COLOR_NAME = AccentColor;
				CODE_SIGN_IDENTITY = "iPhone Developer";
				CURRENT_PROJECT_VERSION = 1;
				DEVELOPMENT_TEAM = TJSHMGE2VX;
				GENERATE_INFOPLIST_FILE = NO;
				INFOPLIST_FILE = iOS/Info.plist;
				LD_RUNPATH_SEARCH_PATHS = (
					"$(inherited)",
					"@executable_path/Frameworks",
				);
				MARKETING_VERSION = 1.0;
				PRODUCT_BUNDLE_IDENTIFIER = de.pauljohanneskraft.uml;
				SDKROOT = iphoneos;
				SWIFT_VERSION = 6.0;
				TARGETED_DEVICE_FAMILY = "1,2";
			};
			name = Release;
		};
		F5D0BBDD0D08A0B018CBC906 /* Release */ = {
			isa = XCBuildConfiguration;
			buildSettings = {
				ALWAYS_SEARCH_USER_PATHS = NO;
				CLANG_ANALYZER_NONNULL = YES;
				CLANG_ANALYZER_NUMBER_OBJECT_CONVERSION = YES_AGGRESSIVE;
				CLANG_CXX_LANGUAGE_STANDARD = "gnu++14";
				CLANG_CXX_LIBRARY = "libc++";
				CLANG_ENABLE_MODULES = YES;
				CLANG_ENABLE_OBJC_ARC = YES;
				CLANG_ENABLE_OBJC_WEAK = YES;
				CLANG_WARN_BLOCK_CAPTURE_AUTORELEASING = YES;
				CLANG_WARN_BOOL_CONVERSION = YES;
				CLANG_WARN_COMMA = YES;
				CLANG_WARN_CONSTANT_CONVERSION = YES;
				CLANG_WARN_DEPRECATED_OBJC_IMPLEMENTATIONS = YES;
				CLANG_WARN_DIRECT_OBJC_ISA_USAGE = YES_ERROR;
				CLANG_WARN_DOCUMENTATION_COMMENTS = YES;
				CLANG_WARN_EMPTY_BODY = YES;
				CLANG_WARN_ENUM_CONVERSION = YES;
				CLANG_WARN_INFINITE_RECURSION = YES;
				CLANG_WARN_INT_CONVERSION = YES;
				CLANG_WARN_NON_LITERAL_NULL_CONVERSION = YES;
				CLANG_WARN_OBJC_IMPLICIT_RETAIN_SELF = YES;
				CLANG_WARN_OBJC_LITERAL_CONVERSION = YES;
				CLANG_WARN_OBJC_ROOT_CLASS = YES_ERROR;
				CLANG_WARN_QUOTED_INCLUDE_IN_FRAMEWORK_HEADER = YES;
				CLANG_WARN_RANGE_LOOP_ANALYSIS = YES;
				CLANG_WARN_STRICT_PROTOTYPES = YES;
				CLANG_WARN_SUSPICIOUS_MOVE = YES;
				CLANG_WARN_UNGUARDED_AVAILABILITY = YES_AGGRESSIVE;
				CLANG_WARN_UNREACHABLE_CODE = YES;
				CLANG_WARN__DUPLICATE_METHOD_MATCH = YES;
				COPY_PHASE_STRIP = NO;
				DEBUG_INFORMATION_FORMAT = "dwarf-with-dsym";
				ENABLE_NS_ASSERTIONS = NO;
				ENABLE_STRICT_OBJC_MSGSEND = YES;
				GCC_C_LANGUAGE_STANDARD = gnu11;
				GCC_NO_COMMON_BLOCKS = YES;
				GCC_WARN_64_TO_32_BIT_CONVERSION = YES;
				GCC_WARN_ABOUT_RETURN_TYPE = YES_ERROR;
				GCC_WARN_UNDECLARED_SELECTOR = YES;
				GCC_WARN_UNINITIALIZED_AUTOS = YES_AGGRESSIVE;
				GCC_WARN_UNUSED_FUNCTION = YES;
				GCC_WARN_UNUSED_VARIABLE = YES;
				IPHONEOS_DEPLOYMENT_TARGET = 26.0;
				MACOSX_DEPLOYMENT_TARGET = 26.0;
				MTL_ENABLE_DEBUG_INFO = NO;
				MTL_FAST_MATH = YES;
				PRODUCT_NAME = "$(TARGET_NAME)";
				SWIFT_COMPILATION_MODE = wholemodule;
				SWIFT_OPTIMIZATION_LEVEL = "-O";
				SWIFT_VERSION = 5.0;
			};
			name = Release;
		};
/* End XCBuildConfiguration section */

/* Begin XCConfigurationList section */
		AABAA4F875C292A6D6A7F2E4 /* Build configuration list for PBXProject "UML" */ = {
			isa = XCConfigurationList;
			buildConfigurations = (
				3F16291141AD26F9AAD348FF /* Debug */,
				F5D0BBDD0D08A0B018CBC906 /* Release */,
			);
			defaultConfigurationIsVisible = 0;
			defaultConfigurationName = Debug;
		};
		BD2086B259E37908EDCDBB09 /* Build configuration list for PBXNativeTarget "UML-iOS" */ = {
			isa = XCConfigurationList;
			buildConfigurations = (
				A4BF65351971C5F73ADF460E /* Debug */,
				EDF7A839D122E068D78585E1 /* Release */,
			);
			defaultConfigurationIsVisible = 0;
			defaultConfigurationName = Debug;
		};
		C9EEE81B6C26E694292C92EF /* Build configuration list for PBXNativeTarget "UML-macOS" */ = {
			isa = XCConfigurationList;
			buildConfigurations = (
				A2A4FD931EFF73E6CEFEF9FD /* Debug */,
				553E3A5FC3B7C2E191C6837E /* Release */,
			);
			defaultConfigurationIsVisible = 0;
			defaultConfigurationName = Debug;
		};
/* End XCConfigurationList section */

/* Begin XCLocalSwiftPackageReference section */
		39259B6D8E7D460F27CE9894 /* XCLocalSwiftPackageReference ".." */ = {
			isa = XCLocalSwiftPackageReference;
			relativePath = ..;
		};
/* End XCLocalSwiftPackageReference section */

/* Begin XCSwiftPackageProductDependency section */
		A68AC67BDE39A25EE0CC9D40 /* UMLApp */ = {
			isa = XCSwiftPackageProductDependency;
			productName = UMLApp;
		};
		B1222799A9B238447D33101A /* UMLApp */ = {
			isa = XCSwiftPackageProductDependency;
			productName = UMLApp;
		};
/* End XCSwiftPackageProductDependency section */
	};
	rootObject = D9F4742331DCF133F0826DE6 /* Project object */;
}
